
Microsoft Visual Studio Solution File, Format Version 12.00
# Visual Studio 2013
VisualStudioVersion = 12.0.40629.0
MinimumVisualStudioVersion = 10.0.40219.1
Project("{FAE04EC0-301F-11D3-BF4B-00C04F79EFBC}") = "CharmEdmxTools", "CharmEdmxTools\CharmEdmxTools.csproj", "{B1A7D3BB-8C9C-431C-81ED-5632218C4199}"
EndProject
Project("{FAE04EC0-301F-11D3-BF4B-00C04F79EFBC}") = "CharmEdmxTools.Console", "CharmEdmxTools.Console\CharmEdmxTools.Console.csproj", "{61365F35-0869-429A-8AFB-AD39C8BCF619}"
EndProject
Project("{FAE04EC0-301F-11D3-BF4B-00C04F79EFBC}") = "CharmEdmxTools.Core", "CharmEdmxTools.Core\CharmEdmxTools.Core.csproj", "{98E027FD-BE99-4274-A6AD-84B29C7B8209}"
EndProject
Project("{2150E333-8FDC-42A3-9474-1A3956D46DE8}") = ".nuget", ".nuget", "{C148B7D4-1617-4D6C-80B6-CA41A8A08608}"
EndProject
Global
	GlobalSection(SolutionConfigurationPlatforms) = preSolution
		Debug|Any CPU = Debug|Any CPU
		Release|Any CPU = Release|Any CPU
	EndGlobalSection
	GlobalSection(ProjectConfigurationPlatforms) = postSolution
		{B1A7D3BB-8C9C-431C-81ED-5632218C4199}.Debug|Any CPU.ActiveCfg = Debug|Any CPU
		{B1A7D3BB-8C9C-431C-81ED-5632218C4199}.Debug|Any CPU.Build.0 = Debug|Any CPU
		{B1A7D3BB-8C9C-431C-81ED-5632218C4199}.Release|Any CPU.ActiveCfg = Release|Any CPU
		{B1A7D3BB-8C9C-431C-81ED-5632218C4199}.Release|Any CPU.Build.0 = Release|Any CPU
		{61365F35-0869-429A-8AFB-AD39C8BCF619}.Debug|Any CPU.ActiveCfg = Debug|Any CPU
		{61365F35-0869-429A-8AFB-AD39C8BCF619}.Debug|Any CPU.Build.0 = Debug|Any CPU
		{61365F35-0869-429A-8AFB-AD39C8BCF619}.Release|Any CPU.ActiveCfg = Release|Any CPU
		{61365F35-0869-429A-8AFB-AD39C8BCF619}.Release|Any CPU.Build.0 = Release|Any CPU
		{98E027FD-BE99-4274-A6AD-84B29C7B8209}.Debug|Any CPU.ActiveCfg = Debug|Any CPU
		{98E027FD-BE99-4274-A6AD-84B29C7B8209}.Debug|Any CPU.Build.0 = Debug|Any CPU
		{98E027FD-BE99-4274-A6AD-84B29C7B8209}.Release|Any CPU.ActiveCfg = Release|Any CPU
		{98E027FD-BE99-4274-A6AD-84B29C7B8209}.Release|Any CPU.Build.0 = Release|Any CPU
	EndGlobalSection
	GlobalSection(SolutionProperties) = preSolution
		HideSolutionNode = FALSE
	EndGlobalSection
EndGlobal
